
Microsoft Visual Studio Solution File, Format Version 12.00
# Visual Studio 15
VisualStudioVersion = 15.0.27130.2010
MinimumVisualStudioVersion = 10.0.40219.1
Project("{888888A0-9F3D-457C-B088-3A5042F75D52}") = "central inertiel", "central inertiel\central inertiel.pyproj", "{8BE2498C-FBFC-4F71-A64F-4B5D764C5446}"
EndProject
Global
	GlobalSection(SolutionConfigurationPlatforms) = preSolution
		Debug|Any CPU = Debug|Any CPU
		Release|Any CPU = Release|Any CPU
	EndGlobalSection
	GlobalSection(ProjectConfigurationPlatforms) = postSolution
		{8BE2498C-FBFC-4F71-A64F-4B5D764C5446}.Debug|Any CPU.ActiveCfg = Debug|Any CPU
		{8BE2498C-FBFC-4F71-A64F-4B5D764C5446}.Release|Any CPU.ActiveCfg = Release|Any CPU
	EndGlobalSection
	GlobalSection(SolutionProperties) = preSolution
		HideSolutionNode = FALSE
	EndGlobalSection
	GlobalSection(ExtensibilityGlobals) = postSolution
		SolutionGuid = {F0600766-DA2F-4A49-B216-9A79E8600984}
	EndGlobalSection
EndGlobal
